// !$*UTF8*$!
{
	archiveVersion = 1;
	classes = {
	};
	objectVersion = 56;
	objects = {

/* Begin PBXBuildFile section */
		CA40AC792960007000F18156 /* SwiftUIAlgorithmsApp.swift in Sources */ = {isa = PBXBuildFile; fileRef = CA40AC782960007000F18156 /* SwiftUIAlgorithmsApp.swift */; };
		CA40AC7B2960007000F18156 /* TwoSumView.swift in Sources */ = {isa = PBXBuildFile; fileRef = CA40AC7A2960007000F18156 /* TwoSumView.swift */; };
		CA40AC7D2960007200F18156 /* Assets.xcassets in Resources */ = {isa = PBXBuildFile; fileRef = CA40AC7C2960007200F18156 /* Assets.xcassets */; };
		CA40AC802960007200F18156 /* Preview Assets.xcassets in Resources */ = {isa = PBXBuildFile; fileRef = CA40AC7F2960007200F18156 /* Preview Assets.xcassets */; };
		CA40AC872960010D00F18156 /* TwoSumSolution.swift in Sources */ = {isa = PBXBuildFile; fileRef = CA40AC862960010C00F18156 /* TwoSumSolution.swift */; };
		CA40AC8929601B5400F18156 /* NumberBoxView.swift in Sources */ = {isa = PBXBuildFile; fileRef = CA40AC8829601B5400F18156 /* NumberBoxView.swift */; };
		CA40AC8E296023E700F18156 /* Collections in Frameworks */ = {isa = PBXBuildFile; productRef = CA40AC8D296023E700F18156 /* Collections */; };
		CA40AC90296023E700F18156 /* DequeModule in Frameworks */ = {isa = PBXBuildFile; productRef = CA40AC8F296023E700F18156 /* DequeModule */; };
		CA40AC92296023E700F18156 /* OrderedCollections in Frameworks */ = {isa = PBXBuildFile; productRef = CA40AC91296023E700F18156 /* OrderedCollections */; };
/* End PBXBuildFile section */

/* Begin PBXFileReference section */
		CA40AC752960007000F18156 /* SwiftUIAlgorithms.app */ = {isa = PBXFileReference; explicitFileType = wrapper.application; includeInIndex = 0; path = SwiftUIAlgorithms.app; sourceTree = BUILT_PRODUCTS_DIR; };
		CA40AC782960007000F18156 /* SwiftUIAlgorithmsApp.swift */ = {isa = PBXFileReference; lastKnownFileType = sourcecode.swift; path = SwiftUIAlgorithmsApp.swift; sourceTree = "<group>"; };
		CA40AC7A2960007000F18156 /* TwoSumView.swift */ = {isa = PBXFileReference; lastKnownFileType = sourcecode.swift; path = TwoSumView.swift; sourceTree = "<group>"; };
		CA40AC7C2960007200F18156 /* Assets.xcassets */ = {isa = PBXFileReference; lastKnownFileType = folder.assetcatalog; path = Assets.xcassets; sourceTree = "<group>"; };
		CA40AC7F2960007200F18156 /* Preview Assets.xcassets */ = {isa = PBXFileReference; lastKnownFileType = folder.assetcatalog; path = "Preview Assets.xcassets"; sourceTree = "<group>"; };
		CA40AC862960010C00F18156 /* TwoSumSolution.swift */ = {isa = PBXFileReference; lastKnownFileType = sourcecode.swift; path = TwoSumSolution.swift; sourceTree = "<group>"; };
		CA40AC8829601B5400F18156 /* NumberBoxView.swift */ = {isa = PBXFileReference; lastKnownFileType = sourcecode.swift; path = NumberBoxView.swift; sourceTree = "<group>"; };
/* End PBXFileReference section */

/* Begin PBXFrameworksBuildPhase section */
		CA40AC722960007000F18156 /* Frameworks */ = {
			isa = PBXFrameworksBuildPhase;
			buildActionMask = 2147483647;
			files = (
				CA40AC8E296023E700F18156 /* Collections in Frameworks */,
				CA40AC90296023E700F18156 /* DequeModule in Frameworks */,
				CA40AC92296023E700F18156 /* OrderedCollections in Frameworks */,
			);
			runOnlyForDeploymentPostprocessing = 0;
		};
/* End PBXFrameworksBuildPhase section */

/* Begin PBXGroup section */
		CA40AC6C2960007000F18156 = {
			isa = PBXGroup;
			children = (
				CA40AC772960007000F18156 /* SwiftUIAlgorithms */,
				CA40AC762960007000F18156 /* Products */,
			);
			sourceTree = "<group>";
		};
		CA40AC762960007000F18156 /* Products */ = {
			isa = PBXGroup;
			children = (
				CA40AC752960007000F18156 /* SwiftUIAlgorithms.app */,
			);
			name = Products;
			sourceTree = "<group>";
		};
		CA40AC772960007000F18156 /* SwiftUIAlgorithms */ = {
			isa = PBXGroup;
			children = (
				CA40AC782960007000F18156 /* SwiftUIAlgorithmsApp.swift */,
				CAC003AE2960FD69001582BC /* TwoSum */,
				CA40AC7C2960007200F18156 /* Assets.xcassets */,
				CA40AC7E2960007200F18156 /* Preview Content */,
			);
			path = SwiftUIAlgorithms;
			sourceTree = "<group>";
		};
		CA40AC7E2960007200F18156 /* Preview Content */ = {
			isa = PBXGroup;
			children = (
				CA40AC7F2960007200F18156 /* Preview Assets.xcassets */,
			);
			path = "Preview Content";
			sourceTree = "<group>";
		};
		CAC003AE2960FD69001582BC /* TwoSum */ = {
			isa = PBXGroup;
			children = (
				CA40AC7A2960007000F18156 /* TwoSumView.swift */,
				CA40AC8829601B5400F18156 /* NumberBoxView.swift */,
				CA40AC862960010C00F18156 /* TwoSumSolution.swift */,
			);
			path = TwoSum;
			sourceTree = "<group>";
		};
/* End PBXGroup section */

/* Begin PBXNativeTarget section */
		CA40AC742960007000F18156 /* SwiftUIAlgorithms */ = {
			isa = PBXNativeTarget;
			buildConfigurationList = CA40AC832960007200F18156 /* Build configuration list for PBXNativeTarget "SwiftUIAlgorithms" */;
			buildPhases = (
				CA40AC712960007000F18156 /* Sources */,
				CA40AC722960007000F18156 /* Frameworks */,
				CA40AC732960007000F18156 /* Resources */,
			);
			buildRules = (
			);
			dependencies = (
			);
			name = SwiftUIAlgorithms;
			packageProductDependencies = (
				CA40AC8D296023E700F18156 /* Collections */,
				CA40AC8F296023E700F18156 /* DequeModule */,
				CA40AC91296023E700F18156 /* OrderedCollections */,
			);
			productName = SwiftUIAlgorithms;
			productReference = CA40AC752960007000F18156 /* SwiftUIAlgorithms.app */;
			productType = "com.apple.product-type.application";
		};
/* End PBXNativeTarget section */

/* Begin PBXProject section */
		CA40AC6D2960007000F18156 /* Project object */ = {
			isa = PBXProject;
			attributes = {
				BuildIndependentTargetsInParallel = 1;
				LastSwiftUpdateCheck = 1420;
				LastUpgradeCheck = 1420;
				TargetAttributes = {
					CA40AC742960007000F18156 = {
						CreatedOnToolsVersion = 14.2;
					};
				};
			};
			buildConfigurationList = CA40AC702960007000F18156 /* Build configuration list for PBXProject "SwiftUIAlgorithms" */;
			compatibilityVersion = "Xcode 14.0";
			developmentRegion = en;
			hasScannedForEncodings = 0;
			knownRegions = (
				en,
				Base,
			);
			mainGroup = CA40AC6C2960007000F18156;
			packageReferences = (
				CA40AC8C296023E700F18156 /* XCRemoteSwiftPackageReference "swift-collections" */,
			);
			productRefGroup = CA40AC762960007000F18156 /* Products */;
			projectDirPath = "";
			projectRoot = "";
			targets = (
				CA40AC742960007000F18156 /* SwiftUIAlgorithms */,
			);
		};
/* End PBXProject section */

/* Begin PBXResourcesBuildPhase section */
		CA40AC732960007000F18156 /* Resources */ = {
			isa = PBXResourcesBuildPhase;
			buildActionMask = 2147483647;
			files = (
				CA40AC802960007200F18156 /* Preview Assets.xcassets in Resources */,
				CA40AC7D2960007200F18156 /* Assets.xcassets in Resources */,
			);
			runOnlyForDeploymentPostprocessing = 0;
		};
/* End PBXResourcesBuildPhase section */

/* Begin PBXSourcesBuildPhase section */
		CA40AC712960007000F18156 /* Sources */ = {
			isa = PBXSourcesBuildPhase;
			buildActionMask = 2147483647;
			files = (
				CA40AC7B2960007000F18156 /* TwoSumView.swift in Sources */,
				CA40AC792960007000F18156 /* SwiftUIAlgorithmsApp.swift in Sources */,
				CA40AC872960010D00F18156 /* TwoSumSolution.swift in Sources */,
				CA40AC8929601B5400F18156 /* NumberBoxView.swift in Sources */,
			);
			runOnlyForDeploymentPostprocessing = 0;
		};
/* End PBXSourcesBuildPhase section */

/* Begin XCBuildConfiguration section */
		CA40AC812960007200F18156 /* Debug */ = {
			isa = XCBuildConfiguration;
			buildSettings = {
				ALWAYS_SEARCH_USER_PATHS = NO;
				CLANG_ANALYZER_NONNULL = YES;
				CLANG_ANALYZER_NUMBER_OBJECT_CONVERSION = YES_AGGRESSIVE;
				CLANG_CXX_LANGUAGE_STANDARD = "gnu++20";
				CLANG_ENABLE_MODULES = YES;
				CLANG_ENABLE_OBJC_ARC = YES;
				CLANG_ENABLE_OBJC_WEAK = YES;
				CLANG_WARN_BLOCK_CAPTURE_AUTORELEASING = YES;
				CLANG_WARN_BOOL_CONVERSION = YES;
				CLANG_WARN_COMMA = YES;
				CLANG_WARN_CONSTANT_CONVERSION = YES;
				CLANG_WARN_DEPRECATED_OBJC_IMPLEMENTATIONS = YES;
				CLANG_WARN_DIRECT_OBJC_ISA_USAGE = YES_ERROR;
				CLANG_WARN_DOCUMENTATION_COMMENTS = YES;
				CLANG_WARN_EMPTY_BODY = YES;
				CLANG_WARN_ENUM_CONVERSION = YES;
				CLANG_WARN_INFINITE_RECURSION = YES;
				CLANG_WARN_INT_CONVERSION = YES;
				CLANG_WARN_NON_LITERAL_NULL_CONVERSION = YES;
				CLANG_WARN_OBJC_IMPLICIT_RETAIN_SELF = YES;
				CLANG_WARN_OBJC_LITERAL_CONVERSION = YES;
				CLANG_WARN_OBJC_ROOT_CLASS = YES_ERROR;
				CLANG_WARN_QUOTED_INCLUDE_IN_FRAMEWORK_HEADER = YES;
				CLANG_WARN_RANGE_LOOP_ANALYSIS = YES;
				CLANG_WARN_STRICT_PROTOTYPES = YES;
				CLANG_WARN_SUSPICIOUS_MOVE = YES;
				CLANG_WARN_UNGUARDED_AVAILABILITY = YES_AGGRESSIVE;
				CLANG_WARN_UNREACHABLE_CODE = YES;
				CLANG_WARN__DUPLICATE_METHOD_MATCH = YES;
				COPY_PHASE_STRIP = NO;
				DEBUG_INFORMATION_FORMAT = dwarf;
				ENABLE_STRICT_OBJC_MSGSEND = YES;
				ENABLE_TESTABILITY = YES;
				GCC_C_LANGUAGE_STANDARD = gnu11;
				GCC_DYNAMIC_NO_PIC = NO;
				GCC_NO_COMMON_BLOCKS = YES;
				GCC_OPTIMIZATION_LEVEL = 0;
				GCC_PREPROCESSOR_DEFINITIONS = (
					"DEBUG=1",
					"$(inherited)",
				);
				GCC_WARN_64_TO_32_BIT_CONVERSION = YES;
				GCC_WARN_ABOUT_RETURN_TYPE = YES_ERROR;
				GCC_WARN_UNDECLARED_SELECTOR = YES;
				GCC_WARN_UNINITIALIZED_AUTOS = YES_AGGRESSIVE;
				GCC_WARN_UNUSED_FUNCTION = YES;
				GCC_WARN_UNUSED_VARIABLE = YES;
				IPHONEOS_DEPLOYMENT_TARGET = 16.2;
				MTL_ENABLE_DEBUG_INFO = INCLUDE_SOURCE;
				MTL_FAST_MATH = YES;
				ONLY_ACTIVE_ARCH = YES;
				SDKROOT = iphoneos;
				SWIFT_ACTIVE_COMPILATION_CONDITIONS = DEBUG;
				SWIFT_OPTIMIZATION_LEVEL = "-Onone";
			};
			name = Debug;
		};
		CA40AC822960007200F18156 /* Release */ = {
			isa = XCBuildConfiguration;
			buildSettings = {
				ALWAYS_SEARCH_USER_PATHS = NO;
				CLANG_ANALYZER_NONNULL = YES;
				CLANG_ANALYZER_NUMBER_OBJECT_CONVERSION = YES_AGGRESSIVE;
				CLANG_CXX_LANGUAGE_STANDARD = "gnu++20";
				CLANG_ENABLE_MODULES = YES;
				CLANG_ENABLE_OBJC_ARC = YES;
				CLANG_ENABLE_OBJC_WEAK = YES;
				CLANG_WARN_BLOCK_CAPTURE_AUTORELEASING = YES;
				CLANG_WARN_BOOL_CONVERSION = YES;
				CLANG_WARN_COMMA = YES;
				CLANG_WARN_CONSTANT_CONVERSION = YES;
				CLANG_WARN_DEPRECATED_OBJC_IMPLEMENTATIONS = YES;
				CLANG_WARN_DIRECT_OBJC_ISA_USAGE = YES_ERROR;
				CLANG_WARN_DOCUMENTATION_COMMENTS = YES;
				CLANG_WARN_EMPTY_BODY = YES;
				CLANG_WARN_ENUM_CONVERSION = YES;
				CLANG_WARN_INFINITE_RECURSION = YES;
				CLANG_WARN_INT_CONVERSION = YES;
				CLANG_WARN_NON_LITERAL_NULL_CONVERSION = YES;
				CLANG_WARN_OBJC_IMPLICIT_RETAIN_SELF = YES;
				CLANG_WARN_OBJC_LITERAL_CONVERSION = YES;
				CLANG_WARN_OBJC_ROOT_CLASS = YES_ERROR;
				CLANG_WARN_QUOTED_INCLUDE_IN_FRAMEWORK_HEADER = YES;
				CLANG_WARN_RANGE_LOOP_ANALYSIS = YES;
				CLANG_WARN_STRICT_PROTOTYPES = YES;
				CLANG_WARN_SUSPICIOUS_MOVE = YES;
				CLANG_WARN_UNGUARDED_AVAILABILITY = YES_AGGRESSIVE;
				CLANG_WARN_UNREACHABLE_CODE = YES;
				CLANG_WARN__DUPLICATE_METHOD_MATCH = YES;
				COPY_PHASE_STRIP = NO;
				DEBUG_INFORMATION_FORMAT = "dwarf-with-dsym";
				ENABLE_NS_ASSERTIONS = NO;
				ENABLE_STRICT_OBJC_MSGSEND = YES;
				GCC_C_LANGUAGE_STANDARD = gnu11;
				GCC_NO_COMMON_BLOCKS = YES;
				GCC_WARN_64_TO_32_BIT_CONVERSION = YES;
				GCC_WARN_ABOUT_RETURN_TYPE = YES_ERROR;
				GCC_WARN_UNDECLARED_SELECTOR = YES;
				GCC_WARN_UNINITIALIZED_AUTOS = YES_AGGRESSIVE;
				GCC_WARN_UNUSED_FUNCTION = YES;
				GCC_WARN_UNUSED_VARIABLE = YES;
				IPHONEOS_DEPLOYMENT_TARGET = 16.2;
				MTL_ENABLE_DEBUG_INFO = NO;
				MTL_FAST_MATH = YES;
				SDKROOT = iphoneos;
				SWIFT_COMPILATION_MODE = wholemodule;
				SWIFT_OPTIMIZATION_LEVEL = "-O";
				VALIDATE_PRODUCT = YES;
			};
			name = Release;
		};
		CA40AC842960007200F18156 /* Debug */ = {
			isa = XCBuildConfiguration;
			buildSettings = {
				ASSETCATALOG_COMPILER_APPICON_NAME = AppIcon;
				ASSETCATALOG_COMPILER_GLOBAL_ACCENT_COLOR_NAME = AccentColor;
				CODE_SIGN_STYLE = Automatic;
				CURRENT_PROJECT_VERSION = 1;
				DEVELOPMENT_ASSET_PATHS = "\"SwiftUIAlgorithms/Preview Content\"";
				DEVELOPMENT_TEAM = FVH6V77N95;
				ENABLE_PREVIEWS = YES;
				GENERATE_INFOPLIST_FILE = YES;
				INFOPLIST_KEY_UIApplicationSceneManifest_Generation = YES;
				INFOPLIST_KEY_UIApplicationSupportsIndirectInputEvents = YES;
				INFOPLIST_KEY_UILaunchScreen_Generation = YES;
				INFOPLIST_KEY_UISupportedInterfaceOrientations_iPad = "UIInterfaceOrientationPortrait UIInterfaceOrientationPortraitUpsideDown UIInterfaceOrientationLandscapeLeft UIInterfaceOrientationLandscapeRight";
				INFOPLIST_KEY_UISupportedInterfaceOrientations_iPhone = "UIInterfaceOrientationPortrait UIInterfaceOrientationLandscapeLeft UIInterfaceOrientationLandscapeRight";
				LD_RUNPATH_SEARCH_PATHS = (
					"$(inherited)",
					"@executable_path/Frameworks",
				);
				MARKETING_VERSION = 1.0;
				PRODUCT_BUNDLE_IDENTIFIER = cesmejia.SwiftUIAlgorithms;
				PRODUCT_NAME = "$(TARGET_NAME)";
				SWIFT_EMIT_LOC_STRINGS = YES;
				SWIFT_VERSION = 5.0;
				TARGETED_DEVICE_FAMILY = "1,2";
			};
			name = Debug;
		};
		CA40AC852960007200F18156 /* Release */ = {
			isa = XCBuildConfiguration;
			buildSettings = {
				ASSETCATALOG_COMPILER_APPICON_NAME = AppIcon;
				ASSETCATALOG_COMPILER_GLOBAL_ACCENT_COLOR_NAME = AccentColor;
				CODE_SIGN_STYLE = Automatic;
				CURRENT_PROJECT_VERSION = 1;
				DEVELOPMENT_ASSET_PATHS = "\"SwiftUIAlgorithms/Preview Content\"";
				DEVELOPMENT_TEAM = FVH6V77N95;
				ENABLE_PREVIEWS = YES;
				GENERATE_INFOPLIST_FILE = YES;
				INFOPLIST_KEY_UIApplicationSceneManifest_Generation = YES;
				INFOPLIST_KEY_UIApplicationSupportsIndirectInputEvents = YES;
				INFOPLIST_KEY_UILaunchScreen_Generation = YES;
				INFOPLIST_KEY_UISupportedInterfaceOrientations_iPad = "UIInterfaceOrientationPortrait UIInterfaceOrientationPortraitUpsideDown UIInterfaceOrientationLandscapeLeft UIInterfaceOrientationLandscapeRight";
				INFOPLIST_KEY_UISupportedInterfaceOrientations_iPhone = "UIInterfaceOrientationPortrait UIInterfaceOrientationLandscapeLeft UIInterfaceOrientationLandscapeRight";
				LD_RUNPATH_SEARCH_PATHS = (
					"$(inherited)",
					"@executable_path/Frameworks",
				);
				MARKETING_VERSION = 1.0;
				PRODUCT_BUNDLE_IDENTIFIER = cesmejia.SwiftUIAlgorithms;
				PRODUCT_NAME = "$(TARGET_NAME)";
				SWIFT_EMIT_LOC_STRINGS = YES;
				SWIFT_VERSION = 5.0;
				TARGETED_DEVICE_FAMILY = "1,2";
			};
			name = Release;
		};
/* End XCBuildConfiguration section */

/* Begin XCConfigurationList section */
		CA40AC702960007000F18156 /* Build configuration list for PBXProject "SwiftUIAlgorithms" */ = {
			isa = XCConfigurationList;
			buildConfigurations = (
				CA40AC812960007200F18156 /* Debug */,
				CA40AC822960007200F18156 /* Release */,
			);
			defaultConfigurationIsVisible = 0;
			defaultConfigurationName = Release;
		};
		CA40AC832960007200F18156 /* Build configuration list for PBXNativeTarget "SwiftUIAlgorithms" */ = {
			isa = XCConfigurationList;
			buildConfigurations = (
				CA40AC842960007200F18156 /* Debug */,
				CA40AC852960007200F18156 /* Release */,
			);
			defaultConfigurationIsVisible = 0;
			defaultConfigurationName = Release;
		};
/* End XCConfigurationList section */

/* Begin XCRemoteSwiftPackageReference section */
		CA40AC8C296023E700F18156 /* XCRemoteSwiftPackageReference "swift-collections" */ = {
			isa = XCRemoteSwiftPackageReference;
			repositoryURL = "https://github.com/apple/swift-collections.git";
			requirement = {
				kind = upToNextMajorVersion;
				minimumVersion = 1.0.0;
			};
		};
/* End XCRemoteSwiftPackageReference section */

/* Begin XCSwiftPackageProductDependency section */
		CA40AC8D296023E700F18156 /* Collections */ = {
			isa = XCSwiftPackageProductDependency;
			package = CA40AC8C296023E700F18156 /* XCRemoteSwiftPackageReference "swift-collections" */;
			productName = Collections;
		};
		CA40AC8F296023E700F18156 /* DequeModule */ = {
			isa = XCSwiftPackageProductDependency;
			package = CA40AC8C296023E700F18156 /* XCRemoteSwiftPackageReference "swift-collections" */;
			productName = DequeModule;
		};
		CA40AC91296023E700F18156 /* OrderedCollections */ = {
			isa = XCSwiftPackageProductDependency;
			package = CA40AC8C296023E700F18156 /* XCRemoteSwiftPackageReference "swift-collections" */;
			productName = OrderedCollections;
		};
/* End XCSwiftPackageProductDependency section */
	};
	rootObject = CA40AC6D2960007000F18156 /* Project object */;
}
